
Microsoft Visual Studio Solution File, Format Version 12.00
# Visual Studio 15
Project("{FAE04EC0-301F-11D3-BF4B-00C04F79EFBC}") = "XAMLUI.Android", "XAMLUI.Android\XAMLUI.Android.csproj", "{6BDA85EC-9B6F-46EC-8139-079071ECE633}"
EndProject
Project("{FAE04EC0-301F-11D3-BF4B-00C04F79EFBC}") = "XAMLUI.iOS", "XAMLUI.iOS\XAMLUI.iOS.csproj", "{F5C50E6A-F78E-4813-8BF5-E316AE586F59}"
EndProject
Project("{FAE04EC0-301F-11D3-BF4B-00C04F79EFBC}") = "XAMLUI", "XAMLUI\XAMLUI.csproj", "{723F73A5-2F0F-4021-B45D-4EEE1C1D4236}"
EndProject
Global
	GlobalSection(SolutionConfigurationPlatforms) = preSolution
		Debug|Any CPU = Debug|Any CPU
		Release|Any CPU = Release|Any CPU
		Debug|iPhoneSimulator = Debug|iPhoneSimulator
		Release|iPhoneSimulator = Release|iPhoneSimulator
		Debug|iPhone = Debug|iPhone
		Release|iPhone = Release|iPhone
	EndGlobalSection
	GlobalSection(ProjectConfigurationPlatforms) = postSolution
		{6BDA85EC-9B6F-46EC-8139-079071ECE633}.Debug|Any CPU.ActiveCfg = Debug|Any CPU
		{6BDA85EC-9B6F-46EC-8139-079071ECE633}.Debug|Any CPU.Build.0 = Debug|Any CPU
		{6BDA85EC-9B6F-46EC-8139-079071ECE633}.Release|Any CPU.ActiveCfg = Release|Any CPU
		{6BDA85EC-9B6F-46EC-8139-079071ECE633}.Release|Any CPU.Build.0 = Release|Any CPU
		{6BDA85EC-9B6F-46EC-8139-079071ECE633}.Debug|iPhoneSimulator.ActiveCfg = Debug|Any CPU
		{6BDA85EC-9B6F-46EC-8139-079071ECE633}.Debug|iPhoneSimulator.Build.0 = Debug|Any CPU
		{6BDA85EC-9B6F-46EC-8139-079071ECE633}.Release|iPhoneSimulator.ActiveCfg = Release|Any CPU
		{6BDA85EC-9B6F-46EC-8139-079071ECE633}.Release|iPhoneSimulator.Build.0 = Release|Any CPU
		{6BDA85EC-9B6F-46EC-8139-079071ECE633}.Debug|iPhone.ActiveCfg = Debug|Any CPU
		{6BDA85EC-9B6F-46EC-8139-079071ECE633}.Debug|iPhone.Build.0 = Debug|Any CPU
		{6BDA85EC-9B6F-46EC-8139-079071ECE633}.Release|iPhone.ActiveCfg = Release|Any CPU
		{6BDA85EC-9B6F-46EC-8139-079071ECE633}.Release|iPhone.Build.0 = Release|Any CPU
		{F5C50E6A-F78E-4813-8BF5-E316AE586F59}.Debug|Any CPU.ActiveCfg = Debug|iPhoneSimulator
		{F5C50E6A-F78E-4813-8BF5-E316AE586F59}.Debug|Any CPU.Build.0 = Debug|iPhoneSimulator
		{F5C50E6A-F78E-4813-8BF5-E316AE586F59}.Release|Any CPU.ActiveCfg = Release|iPhoneSimulator
		{F5C50E6A-F78E-4813-8BF5-E316AE586F59}.Release|Any CPU.Build.0 = Release|iPhoneSimulator
		{F5C50E6A-F78E-4813-8BF5-E316AE586F59}.Debug|iPhoneSimulator.ActiveCfg = Debug|iPhoneSimulator
		{F5C50E6A-F78E-4813-8BF5-E316AE586F59}.Debug|iPhoneSimulator.Build.0 = Debug|iPhoneSimulator
		{F5C50E6A-F78E-4813-8BF5-E316AE586F59}.Release|iPhoneSimulator.ActiveCfg = Release|iPhoneSimulator
		{F5C50E6A-F78E-4813-8BF5-E316AE586F59}.Release|iPhoneSimulator.Build.0 = Release|iPhoneSimulator
		{F5C50E6A-F78E-4813-8BF5-E316AE586F59}.Debug|iPhone.ActiveCfg = Debug|iPhone
		{F5C50E6A-F78E-4813-8BF5-E316AE586F59}.Debug|iPhone.Build.0 = Debug|iPhone
		{F5C50E6A-F78E-4813-8BF5-E316AE586F59}.Release|iPhone.ActiveCfg = Release|iPhone
		{F5C50E6A-F78E-4813-8BF5-E316AE586F59}.Release|iPhone.Build.0 = Release|iPhone
		{723F73A5-2F0F-4021-B45D-4EEE1C1D4236}.Debug|Any CPU.ActiveCfg = Debug|Any CPU
		{723F73A5-2F0F-4021-B45D-4EEE1C1D4236}.Debug|Any CPU.Build.0 = Debug|Any CPU
		{723F73A5-2F0F-4021-B45D-4EEE1C1D4236}.Release|Any CPU.ActiveCfg = Release|Any CPU
		{723F73A5-2F0F-4021-B45D-4EEE1C1D4236}.Release|Any CPU.Build.0 = Release|Any CPU
		{723F73A5-2F0F-4021-B45D-4EEE1C1D4236}.Debug|iPhoneSimulator.ActiveCfg = Debug|Any CPU
		{723F73A5-2F0F-4021-B45D-4EEE1C1D4236}.Debug|iPhoneSimulator.Build.0 = Debug|Any CPU
		{723F73A5-2F0F-4021-B45D-4EEE1C1D4236}.Release|iPhoneSimulator.ActiveCfg = Release|Any CPU
		{723F73A5-2F0F-4021-B45D-4EEE1C1D4236}.Release|iPhoneSimulator.Build.0 = Release|Any CPU
		{723F73A5-2F0F-4021-B45D-4EEE1C1D4236}.Debug|iPhone.ActiveCfg = Debug|Any CPU
		{723F73A5-2F0F-4021-B45D-4EEE1C1D4236}.Debug|iPhone.Build.0 = Debug|Any CPU
		{723F73A5-2F0F-4021-B45D-4EEE1C1D4236}.Release|iPhone.ActiveCfg = Release|Any CPU
		{723F73A5-2F0F-4021-B45D-4EEE1C1D4236}.Release|iPhone.Build.0 = Release|Any CPU
	EndGlobalSection
EndGlobal
