
Microsoft Visual Studio Solution File, Format Version 12.00
# Visual Studio 15
Project("{FAE04EC0-301F-11D3-BF4B-00C04F79EFBC}") = "XamlMvvm.Android", "XamlMvvm.Android\XamlMvvm.Android.csproj", "{D49ED8EF-2FB3-48C9-B3A8-D9275FF7FBAD}"
EndProject
Project("{FAE04EC0-301F-11D3-BF4B-00C04F79EFBC}") = "XamlMvvm.iOS", "XamlMvvm.iOS\XamlMvvm.iOS.csproj", "{558E260B-DD78-4062-A5DF-5748428CA573}"
EndProject
Project("{FAE04EC0-301F-11D3-BF4B-00C04F79EFBC}") = "XamlMvvm", "XamlMvvm\XamlMvvm.csproj", "{7124F09C-10D7-49F9-B0AE-0A831EEC6E7A}"
EndProject
Global
	GlobalSection(SolutionConfigurationPlatforms) = preSolution
		Debug|Any CPU = Debug|Any CPU
		Release|Any CPU = Release|Any CPU
		Debug|iPhoneSimulator = Debug|iPhoneSimulator
		Release|iPhoneSimulator = Release|iPhoneSimulator
		Debug|iPhone = Debug|iPhone
		Release|iPhone = Release|iPhone
	EndGlobalSection
	GlobalSection(ProjectConfigurationPlatforms) = postSolution
		{D49ED8EF-2FB3-48C9-B3A8-D9275FF7FBAD}.Debug|Any CPU.ActiveCfg = Debug|Any CPU
		{D49ED8EF-2FB3-48C9-B3A8-D9275FF7FBAD}.Debug|Any CPU.Build.0 = Debug|Any CPU
		{D49ED8EF-2FB3-48C9-B3A8-D9275FF7FBAD}.Release|Any CPU.ActiveCfg = Release|Any CPU
		{D49ED8EF-2FB3-48C9-B3A8-D9275FF7FBAD}.Release|Any CPU.Build.0 = Release|Any CPU
		{D49ED8EF-2FB3-48C9-B3A8-D9275FF7FBAD}.Debug|iPhoneSimulator.ActiveCfg = Debug|Any CPU
		{D49ED8EF-2FB3-48C9-B3A8-D9275FF7FBAD}.Debug|iPhoneSimulator.Build.0 = Debug|Any CPU
		{D49ED8EF-2FB3-48C9-B3A8-D9275FF7FBAD}.Release|iPhoneSimulator.ActiveCfg = Release|Any CPU
		{D49ED8EF-2FB3-48C9-B3A8-D9275FF7FBAD}.Release|iPhoneSimulator.Build.0 = Release|Any CPU
		{D49ED8EF-2FB3-48C9-B3A8-D9275FF7FBAD}.Debug|iPhone.ActiveCfg = Debug|Any CPU
		{D49ED8EF-2FB3-48C9-B3A8-D9275FF7FBAD}.Debug|iPhone.Build.0 = Debug|Any CPU
		{D49ED8EF-2FB3-48C9-B3A8-D9275FF7FBAD}.Release|iPhone.ActiveCfg = Release|Any CPU
		{D49ED8EF-2FB3-48C9-B3A8-D9275FF7FBAD}.Release|iPhone.Build.0 = Release|Any CPU
		{558E260B-DD78-4062-A5DF-5748428CA573}.Debug|Any CPU.ActiveCfg = Debug|iPhoneSimulator
		{558E260B-DD78-4062-A5DF-5748428CA573}.Debug|Any CPU.Build.0 = Debug|iPhoneSimulator
		{558E260B-DD78-4062-A5DF-5748428CA573}.Release|Any CPU.ActiveCfg = Release|iPhoneSimulator
		{558E260B-DD78-4062-A5DF-5748428CA573}.Release|Any CPU.Build.0 = Release|iPhoneSimulator
		{558E260B-DD78-4062-A5DF-5748428CA573}.Debug|iPhoneSimulator.ActiveCfg = Debug|iPhoneSimulator
		{558E260B-DD78-4062-A5DF-5748428CA573}.Debug|iPhoneSimulator.Build.0 = Debug|iPhoneSimulator
		{558E260B-DD78-4062-A5DF-5748428CA573}.Release|iPhoneSimulator.ActiveCfg = Release|iPhoneSimulator
		{558E260B-DD78-4062-A5DF-5748428CA573}.Release|iPhoneSimulator.Build.0 = Release|iPhoneSimulator
		{558E260B-DD78-4062-A5DF-5748428CA573}.Debug|iPhone.ActiveCfg = Debug|iPhone
		{558E260B-DD78-4062-A5DF-5748428CA573}.Debug|iPhone.Build.0 = Debug|iPhone
		{558E260B-DD78-4062-A5DF-5748428CA573}.Release|iPhone.ActiveCfg = Release|iPhone
		{558E260B-DD78-4062-A5DF-5748428CA573}.Release|iPhone.Build.0 = Release|iPhone
		{7124F09C-10D7-49F9-B0AE-0A831EEC6E7A}.Debug|Any CPU.ActiveCfg = Debug|Any CPU
		{7124F09C-10D7-49F9-B0AE-0A831EEC6E7A}.Debug|Any CPU.Build.0 = Debug|Any CPU
		{7124F09C-10D7-49F9-B0AE-0A831EEC6E7A}.Release|Any CPU.ActiveCfg = Release|Any CPU
		{7124F09C-10D7-49F9-B0AE-0A831EEC6E7A}.Release|Any CPU.Build.0 = Release|Any CPU
		{7124F09C-10D7-49F9-B0AE-0A831EEC6E7A}.Debug|iPhoneSimulator.ActiveCfg = Debug|Any CPU
		{7124F09C-10D7-49F9-B0AE-0A831EEC6E7A}.Debug|iPhoneSimulator.Build.0 = Debug|Any CPU
		{7124F09C-10D7-49F9-B0AE-0A831EEC6E7A}.Release|iPhoneSimulator.ActiveCfg = Release|Any CPU
		{7124F09C-10D7-49F9-B0AE-0A831EEC6E7A}.Release|iPhoneSimulator.Build.0 = Release|Any CPU
		{7124F09C-10D7-49F9-B0AE-0A831EEC6E7A}.Debug|iPhone.ActiveCfg = Debug|Any CPU
		{7124F09C-10D7-49F9-B0AE-0A831EEC6E7A}.Debug|iPhone.Build.0 = Debug|Any CPU
		{7124F09C-10D7-49F9-B0AE-0A831EEC6E7A}.Release|iPhone.ActiveCfg = Release|Any CPU
		{7124F09C-10D7-49F9-B0AE-0A831EEC6E7A}.Release|iPhone.Build.0 = Release|Any CPU
	EndGlobalSection
EndGlobal
